
Microsoft Visual Studio Solution File, Format Version 12.00
# Visual Studio Version 17
VisualStudioVersion = 17.10.35122.118
MinimumVisualStudioVersion = 10.0.40219.1
Project("{FAE04EC0-301F-11D3-BF4B-00C04F79EFBC}") = "ApiGateway", "ApiGateway.csproj", "{845198A9-7BC2-49D2-AD1C-73A2800BA05A}"
EndProject
Global
	GlobalSection(SolutionConfigurationPlatforms) = preSolution
		Debug|Any CPU = Debug|Any CPU
		Release|Any CPU = Release|Any CPU
	EndGlobalSection
	GlobalSection(ProjectConfigurationPlatforms) = postSolution
		{845198A9-7BC2-49D2-AD1C-73A2800BA05A}.Debug|Any CPU.ActiveCfg = Debug|Any CPU
		{845198A9-7BC2-49D2-AD1C-73A2800BA05A}.Debug|Any CPU.Build.0 = Debug|Any CPU
		{845198A9-7BC2-49D2-AD1C-73A2800BA05A}.Release|Any CPU.ActiveCfg = Release|Any CPU
		{845198A9-7BC2-49D2-AD1C-73A2800BA05A}.Release|Any CPU.Build.0 = Release|Any CPU
	EndGlobalSection
	GlobalSection(SolutionProperties) = preSolution
		HideSolutionNode = FALSE
	EndGlobalSection
	GlobalSection(ExtensibilityGlobals) = postSolution
		SolutionGuid = {0F0C22A1-8789-437A-9F18-7D83D5334C64}
	EndGlobalSection
EndGlobal
